
Microsoft Visual Studio Solution File, Format Version 12.00
# Visual Studio Version 17
VisualStudioVersion = 17.14.36518.9 d17.14
MinimumVisualStudioVersion = 10.0.40219.1
Project("{8BC9CEB8-8B4A-11D0-8D11-00A0C91BC942}") = "1", "1\1.vcxproj", "{55E21C34-BEF8-49B2-876C-AE9D0D45C249}"
EndProject
Project("{8BC9CEB8-8B4A-11D0-8D11-00A0C91BC942}") = "108", "108\108.vcxproj", "{68A0E118-0A3B-4D99-82D9-B3488DEBBFDB}"
EndProject
Project("{8BC9CEB8-8B4A-11D0-8D11-00A0C91BC942}") = "903", "903\903.vcxproj", "{B023A4C8-1159-4608-99AF-3684B41ED1E6}"
EndProject
Project("{8BC9CEB8-8B4A-11D0-8D11-00A0C91BC942}") = "195", "195\195.vcxproj", "{054026EE-859B-4158-95ED-53A0BCB390FD}"
EndProject
Project("{8BC9CEB8-8B4A-11D0-8D11-00A0C91BC942}") = "33", "33\33.vcxproj", "{C6B3BF73-85CD-4366-A02F-FBB2F326995C}"
EndProject
Project("{8BC9CEB8-8B4A-11D0-8D11-00A0C91BC942}") = "3", "3\3.vcxproj", "{6E39FBB5-35A9-4F6D-84E3-8780332B066F}"
EndProject
Project("{8BC9CEB8-8B4A-11D0-8D11-00A0C91BC942}") = "1038", "1038\1038.vcxproj", "{0887DCF4-8ED2-4792-97A6-045DB39A88A1}"
EndProject
Project("{8BC9CEB8-8B4A-11D0-8D11-00A0C91BC942}") = "1109", "1109\1109.vcxproj", "{11F2E390-95BD-413A-86F6-4842468912DB}"
EndProject
Project("{8BC9CEB8-8B4A-11D0-8D11-00A0C91BC942}") = "1110", "1110\1110.vcxproj", "{DF3F9760-1161-4D27-944A-F21B2D67134B}"
EndProject
Project("{8BC9CEB8-8B4A-11D0-8D11-00A0C91BC942}") = "1111", "1111\1111.vcxproj", "{85037EE4-C2C3-4B08-8FAF-33EE2714F1F0}"
EndProject
Project("{8BC9CEB8-8B4A-11D0-8D11-00A0C91BC942}") = "1112", "1112\1112.vcxproj", "{6A1E448E-A667-43E9-B924-1F7A35B317FE}"
EndProject
Project("{8BC9CEB8-8B4A-11D0-8D11-00A0C91BC942}") = "1113", "1113\1113.vcxproj", "{6363547D-A2E1-4E1D-932B-E6406FF3900C}"
EndProject
Project("{8BC9CEB8-8B4A-11D0-8D11-00A0C91BC942}") = "1114", "1114\1114.vcxproj", "{0853A818-C8E0-4413-881E-13DB00F00658}"
EndProject
Project("{8BC9CEB8-8B4A-11D0-8D11-00A0C91BC942}") = "1115", "1115\1115.vcxproj", "{D17F5CDB-8D14-4954-8A83-D542CAEFCD35}"
EndProject
Project("{8BC9CEB8-8B4A-11D0-8D11-00A0C91BC942}") = "1681", "1681\1681.vcxproj", "{9CB24AAA-13FA-4290-826D-E86F128F5C6A}"
EndProject
Project("{8BC9CEB8-8B4A-11D0-8D11-00A0C91BC942}") = "1756", "1756\1756.vcxproj", "{4F9F4012-A0B7-41F1-8F9B-BE189C350E47}"
EndProject
Project("{8BC9CEB8-8B4A-11D0-8D11-00A0C91BC942}") = "1416", "1416\1416.vcxproj", "{7C891147-6742-46AC-96EB-28ABCD889054}"
EndProject
Project("{8BC9CEB8-8B4A-11D0-8D11-00A0C91BC942}") = "1086", "1086\1086.vcxproj", "{7855CD15-23EA-47D8-B3F6-F2534E319838}"
EndProject
Project("{8BC9CEB8-8B4A-11D0-8D11-00A0C91BC942}") = "2005", "2005\2005.vcxproj", "{94AD0876-C654-4430-B39B-A8268AC7FD15}"
EndProject
Project("{8BC9CEB8-8B4A-11D0-8D11-00A0C91BC942}") = "1489", "1489\1489.vcxproj", "{AFADC397-D0A4-4180-97C1-0C1548743BD4}"
EndProject
Project("{8BC9CEB8-8B4A-11D0-8D11-00A0C91BC942}") = "948", "948\948.vcxproj", "{2D6C8E6D-2800-444C-99FE-3F68B2392279}"
EndProject
Global
	GlobalSection(SolutionConfigurationPlatforms) = preSolution
		Debug|x64 = Debug|x64
		Debug|x86 = Debug|x86
		Release|x64 = Release|x64
		Release|x86 = Release|x86
	EndGlobalSection
	GlobalSection(ProjectConfigurationPlatforms) = postSolution
		{55E21C34-BEF8-49B2-876C-AE9D0D45C249}.Debug|x64.ActiveCfg = Debug|x64
		{55E21C34-BEF8-49B2-876C-AE9D0D45C249}.Debug|x64.Build.0 = Debug|x64
		{55E21C34-BEF8-49B2-876C-AE9D0D45C249}.Debug|x86.ActiveCfg = Debug|Win32
		{55E21C34-BEF8-49B2-876C-AE9D0D45C249}.Debug|x86.Build.0 = Debug|Win32
		{55E21C34-BEF8-49B2-876C-AE9D0D45C249}.Release|x64.ActiveCfg = Release|x64
		{55E21C34-BEF8-49B2-876C-AE9D0D45C249}.Release|x64.Build.0 = Release|x64
		{55E21C34-BEF8-49B2-876C-AE9D0D45C249}.Release|x86.ActiveCfg = Release|Win32
		{55E21C34-BEF8-49B2-876C-AE9D0D45C249}.Release|x86.Build.0 = Release|Win32
		{68A0E118-0A3B-4D99-82D9-B3488DEBBFDB}.Debug|x64.ActiveCfg = Debug|x64
		{68A0E118-0A3B-4D99-82D9-B3488DEBBFDB}.Debug|x64.Build.0 = Debug|x64
		{68A0E118-0A3B-4D99-82D9-B3488DEBBFDB}.Debug|x86.ActiveCfg = Debug|Win32
		{68A0E118-0A3B-4D99-82D9-B3488DEBBFDB}.Debug|x86.Build.0 = Debug|Win32
		{68A0E118-0A3B-4D99-82D9-B3488DEBBFDB}.Release|x64.ActiveCfg = Release|x64
		{68A0E118-0A3B-4D99-82D9-B3488DEBBFDB}.Release|x64.Build.0 = Release|x64
		{68A0E118-0A3B-4D99-82D9-B3488DEBBFDB}.Release|x86.ActiveCfg = Release|Win32
		{68A0E118-0A3B-4D99-82D9-B3488DEBBFDB}.Release|x86.Build.0 = Release|Win32
		{B023A4C8-1159-4608-99AF-3684B41ED1E6}.Debug|x64.ActiveCfg = Debug|x64
		{B023A4C8-1159-4608-99AF-3684B41ED1E6}.Debug|x64.Build.0 = Debug|x64
		{B023A4C8-1159-4608-99AF-3684B41ED1E6}.Debug|x86.ActiveCfg = Debug|Win32
		{B023A4C8-1159-4608-99AF-3684B41ED1E6}.Debug|x86.Build.0 = Debug|Win32
		{B023A4C8-1159-4608-99AF-3684B41ED1E6}.Release|x64.ActiveCfg = Release|x64
		{B023A4C8-1159-4608-99AF-3684B41ED1E6}.Release|x64.Build.0 = Release|x64
		{B023A4C8-1159-4608-99AF-3684B41ED1E6}.Release|x86.ActiveCfg = Release|Win32
		{B023A4C8-1159-4608-99AF-3684B41ED1E6}.Release|x86.Build.0 = Release|Win32
		{054026EE-859B-4158-95ED-53A0BCB390FD}.Debug|x64.ActiveCfg = Debug|x64
		{054026EE-859B-4158-95ED-53A0BCB390FD}.Debug|x64.Build.0 = Debug|x64
		{054026EE-859B-4158-95ED-53A0BCB390FD}.Debug|x86.ActiveCfg = Debug|Win32
		{054026EE-859B-4158-95ED-53A0BCB390FD}.Debug|x86.Build.0 = Debug|Win32
		{054026EE-859B-4158-95ED-53A0BCB390FD}.Release|x64.ActiveCfg = Release|x64
		{054026EE-859B-4158-95ED-53A0BCB390FD}.Release|x64.Build.0 = Release|x64
		{054026EE-859B-4158-95ED-53A0BCB390FD}.Release|x86.ActiveCfg = Release|Win32
		{054026EE-859B-4158-95ED-53A0BCB390FD}.Release|x86.Build.0 = Release|Win32
		{C6B3BF73-85CD-4366-A02F-FBB2F326995C}.Debug|x64.ActiveCfg = Debug|x64
		{C6B3BF73-85CD-4366-A02F-FBB2F326995C}.Debug|x64.Build.0 = Debug|x64
		{C6B3BF73-85CD-4366-A02F-FBB2F326995C}.Debug|x86.ActiveCfg = Debug|Win32
		{C6B3BF73-85CD-4366-A02F-FBB2F326995C}.Debug|x86.Build.0 = Debug|Win32
		{C6B3BF73-85CD-4366-A02F-FBB2F326995C}.Release|x64.ActiveCfg = Release|x64
		{C6B3BF73-85CD-4366-A02F-FBB2F326995C}.Release|x64.Build.0 = Release|x64
		{C6B3BF73-85CD-4366-A02F-FBB2F326995C}.Release|x86.ActiveCfg = Release|Win32
		{C6B3BF73-85CD-4366-A02F-FBB2F326995C}.Release|x86.Build.0 = Release|Win32
		{6E39FBB5-35A9-4F6D-84E3-8780332B066F}.Debug|x64.ActiveCfg = Debug|x64
		{6E39FBB5-35A9-4F6D-84E3-8780332B066F}.Debug|x64.Build.0 = Debug|x64
		{6E39FBB5-35A9-4F6D-84E3-8780332B066F}.Debug|x86.ActiveCfg = Debug|Win32
		{6E39FBB5-35A9-4F6D-84E3-8780332B066F}.Debug|x86.Build.0 = Debug|Win32
		{6E39FBB5-35A9-4F6D-84E3-8780332B066F}.Release|x64.ActiveCfg = Release|x64
		{6E39FBB5-35A9-4F6D-84E3-8780332B066F}.Release|x64.Build.0 = Release|x64
		{6E39FBB5-35A9-4F6D-84E3-8780332B066F}.Release|x86.ActiveCfg = Release|Win32
		{6E39FBB5-35A9-4F6D-84E3-8780332B066F}.Release|x86.Build.0 = Release|Win32
		{0887DCF4-8ED2-4792-97A6-045DB39A88A1}.Debug|x64.ActiveCfg = Debug|x64
		{0887DCF4-8ED2-4792-97A6-045DB39A88A1}.Debug|x64.Build.0 = Debug|x64
		{0887DCF4-8ED2-4792-97A6-045DB39A88A1}.Debug|x86.ActiveCfg = Debug|Win32
		{0887DCF4-8ED2-4792-97A6-045DB39A88A1}.Debug|x86.Build.0 = Debug|Win32
		{0887DCF4-8ED2-4792-97A6-045DB39A88A1}.Release|x64.ActiveCfg = Release|x64
		{0887DCF4-8ED2-4792-97A6-045DB39A88A1}.Release|x64.Build.0 = Release|x64
		{0887DCF4-8ED2-4792-97A6-045DB39A88A1}.Release|x86.ActiveCfg = Release|Win32
		{0887DCF4-8ED2-4792-97A6-045DB39A88A1}.Release|x86.Build.0 = Release|Win32
		{11F2E390-95BD-413A-86F6-4842468912DB}.Debug|x64.ActiveCfg = Debug|x64
		{11F2E390-95BD-413A-86F6-4842468912DB}.Debug|x64.Build.0 = Debug|x64
		{11F2E390-95BD-413A-86F6-4842468912DB}.Debug|x86.ActiveCfg = Debug|Win32
		{11F2E390-95BD-413A-86F6-4842468912DB}.Debug|x86.Build.0 = Debug|Win32
		{11F2E390-95BD-413A-86F6-4842468912DB}.Release|x64.ActiveCfg = Release|x64
		{11F2E390-95BD-413A-86F6-4842468912DB}.Release|x64.Build.0 = Release|x64
		{11F2E390-95BD-413A-86F6-4842468912DB}.Release|x86.ActiveCfg = Release|Win32
		{11F2E390-95BD-413A-86F6-4842468912DB}.Release|x86.Build.0 = Release|Win32
		{DF3F9760-1161-4D27-944A-F21B2D67134B}.Debug|x64.ActiveCfg = Debug|x64
		{DF3F9760-1161-4D27-944A-F21B2D67134B}.Debug|x64.Build.0 = Debug|x64
		{DF3F9760-1161-4D27-944A-F21B2D67134B}.Debug|x86.ActiveCfg = Debug|Win32
		{DF3F9760-1161-4D27-944A-F21B2D67134B}.Debug|x86.Build.0 = Debug|Win32
		{DF3F9760-1161-4D27-944A-F21B2D67134B}.Release|x64.ActiveCfg = Release|x64
		{DF3F9760-1161-4D27-944A-F21B2D67134B}.Release|x64.Build.0 = Release|x64
		{DF3F9760-1161-4D27-944A-F21B2D67134B}.Release|x86.ActiveCfg = Release|Win32
		{DF3F9760-1161-4D27-944A-F21B2D67134B}.Release|x86.Build.0 = Release|Win32
		{85037EE4-C2C3-4B08-8FAF-33EE2714F1F0}.Debug|x64.ActiveCfg = Debug|x64
		{85037EE4-C2C3-4B08-8FAF-33EE2714F1F0}.Debug|x64.Build.0 = Debug|x64
		{85037EE4-C2C3-4B08-8FAF-33EE2714F1F0}.Debug|x86.ActiveCfg = Debug|Win32
		{85037EE4-C2C3-4B08-8FAF-33EE2714F1F0}.Debug|x86.Build.0 = Debug|Win32
		{85037EE4-C2C3-4B08-8FAF-33EE2714F1F0}.Release|x64.ActiveCfg = Release|x64
		{85037EE4-C2C3-4B08-8FAF-33EE2714F1F0}.Release|x64.Build.0 = Release|x64
		{85037EE4-C2C3-4B08-8FAF-33EE2714F1F0}.Release|x86.ActiveCfg = Release|Win32
		{85037EE4-C2C3-4B08-8FAF-33EE2714F1F0}.Release|x86.Build.0 = Release|Win32
		{6A1E448E-A667-43E9-B924-1F7A35B317FE}.Debug|x64.ActiveCfg = Debug|x64
		{6A1E448E-A667-43E9-B924-1F7A35B317FE}.Debug|x64.Build.0 = Debug|x64
		{6A1E448E-A667-43E9-B924-1F7A35B317FE}.Debug|x86.ActiveCfg = Debug|Win32
		{6A1E448E-A667-43E9-B924-1F7A35B317FE}.Debug|x86.Build.0 = Debug|Win32
		{6A1E448E-A667-43E9-B924-1F7A35B317FE}.Release|x64.ActiveCfg = Release|x64
		{6A1E448E-A667-43E9-B924-1F7A35B317FE}.Release|x64.Build.0 = Release|x64
		{6A1E448E-A667-43E9-B924-1F7A35B317FE}.Release|x86.ActiveCfg = Release|Win32
		{6A1E448E-A667-43E9-B924-1F7A35B317FE}.Release|x86.Build.0 = Release|Win32
		{6363547D-A2E1-4E1D-932B-E6406FF3900C}.Debug|x64.ActiveCfg = Debug|x64
		{6363547D-A2E1-4E1D-932B-E6406FF3900C}.Debug|x64.Build.0 = Debug|x64
		{6363547D-A2E1-4E1D-932B-E6406FF3900C}.Debug|x86.ActiveCfg = Debug|Win32
		{6363547D-A2E1-4E1D-932B-E6406FF3900C}.Debug|x86.Build.0 = Debug|Win32
		{6363547D-A2E1-4E1D-932B-E6406FF3900C}.Release|x64.ActiveCfg = Release|x64
		{6363547D-A2E1-4E1D-932B-E6406FF3900C}.Release|x64.Build.0 = Release|x64
		{6363547D-A2E1-4E1D-932B-E6406FF3900C}.Release|x86.ActiveCfg = Release|Win32
		{6363547D-A2E1-4E1D-932B-E6406FF3900C}.Release|x86.Build.0 = Release|Win32
		{0853A818-C8E0-4413-881E-13DB00F00658}.Debug|x64.ActiveCfg = Debug|x64
		{0853A818-C8E0-4413-881E-13DB00F00658}.Debug|x64.Build.0 = Debug|x64
		{0853A818-C8E0-4413-881E-13DB00F00658}.Debug|x86.ActiveCfg = Debug|Win32
		{0853A818-C8E0-4413-881E-13DB00F00658}.Debug|x86.Build.0 = Debug|Win32
		{0853A818-C8E0-4413-881E-13DB00F00658}.Release|x64.ActiveCfg = Release|x64
		{0853A818-C8E0-4413-881E-13DB00F00658}.Release|x64.Build.0 = Release|x64
		{0853A818-C8E0-4413-881E-13DB00F00658}.Release|x86.ActiveCfg = Release|Win32
		{0853A818-C8E0-4413-881E-13DB00F00658}.Release|x86.Build.0 = Release|Win32
		{D17F5CDB-8D14-4954-8A83-D542CAEFCD35}.Debug|x64.ActiveCfg = Debug|x64
		{D17F5CDB-8D14-4954-8A83-D542CAEFCD35}.Debug|x64.Build.0 = Debug|x64
		{D17F5CDB-8D14-4954-8A83-D542CAEFCD35}.Debug|x86.ActiveCfg = Debug|Win32
		{D17F5CDB-8D14-4954-8A83-D542CAEFCD35}.Debug|x86.Build.0 = Debug|Win32
		{D17F5CDB-8D14-4954-8A83-D542CAEFCD35}.Release|x64.ActiveCfg = Release|x64
		{D17F5CDB-8D14-4954-8A83-D542CAEFCD35}.Release|x64.Build.0 = Release|x64
		{D17F5CDB-8D14-4954-8A83-D542CAEFCD35}.Release|x86.ActiveCfg = Release|Win32
		{D17F5CDB-8D14-4954-8A83-D542CAEFCD35}.Release|x86.Build.0 = Release|Win32
		{9CB24AAA-13FA-4290-826D-E86F128F5C6A}.Debug|x64.ActiveCfg = Debug|x64
		{9CB24AAA-13FA-4290-826D-E86F128F5C6A}.Debug|x64.Build.0 = Debug|x64
		{9CB24AAA-13FA-4290-826D-E86F128F5C6A}.Debug|x86.ActiveCfg = Debug|Win32
		{9CB24AAA-13FA-4290-826D-E86F128F5C6A}.Debug|x86.Build.0 = Debug|Win32
		{9CB24AAA-13FA-4290-826D-E86F128F5C6A}.Release|x64.ActiveCfg = Release|x64
		{9CB24AAA-13FA-4290-826D-E86F128F5C6A}.Release|x64.Build.0 = Release|x64
		{9CB24AAA-13FA-4290-826D-E86F128F5C6A}.Release|x86.ActiveCfg = Release|Win32
		{9CB24AAA-13FA-4290-826D-E86F128F5C6A}.Release|x86.Build.0 = Release|Win32
		{4F9F4012-A0B7-41F1-8F9B-BE189C350E47}.Debug|x64.ActiveCfg = Debug|x64
		{4F9F4012-A0B7-41F1-8F9B-BE189C350E47}.Debug|x64.Build.0 = Debug|x64
		{4F9F4012-A0B7-41F1-8F9B-BE189C350E47}.Debug|x86.ActiveCfg = Debug|Win32
		{4F9F4012-A0B7-41F1-8F9B-BE189C350E47}.Debug|x86.Build.0 = Debug|Win32
		{4F9F4012-A0B7-41F1-8F9B-BE189C350E47}.Release|x64.ActiveCfg = Release|x64
		{4F9F4012-A0B7-41F1-8F9B-BE189C350E47}.Release|x64.Build.0 = Release|x64
		{4F9F4012-A0B7-41F1-8F9B-BE189C350E47}.Release|x86.ActiveCfg = Release|Win32
		{4F9F4012-A0B7-41F1-8F9B-BE189C350E47}.Release|x86.Build.0 = Release|Win32
		{7C891147-6742-46AC-96EB-28ABCD889054}.Debug|x64.ActiveCfg = Debug|x64
		{7C891147-6742-46AC-96EB-28ABCD889054}.Debug|x64.Build.0 = Debug|x64
		{7C891147-6742-46AC-96EB-28ABCD889054}.Debug|x86.ActiveCfg = Debug|Win32
		{7C891147-6742-46AC-96EB-28ABCD889054}.Debug|x86.Build.0 = Debug|Win32
		{7C891147-6742-46AC-96EB-28ABCD889054}.Release|x64.ActiveCfg = Release|x64
		{7C891147-6742-46AC-96EB-28ABCD889054}.Release|x64.Build.0 = Release|x64
		{7C891147-6742-46AC-96EB-28ABCD889054}.Release|x86.ActiveCfg = Release|Win32
		{7C891147-6742-46AC-96EB-28ABCD889054}.Release|x86.Build.0 = Release|Win32
		{7855CD15-23EA-47D8-B3F6-F2534E319838}.Debug|x64.ActiveCfg = Debug|x64
		{7855CD15-23EA-47D8-B3F6-F2534E319838}.Debug|x64.Build.0 = Debug|x64
		{7855CD15-23EA-47D8-B3F6-F2534E319838}.Debug|x86.ActiveCfg = Debug|Win32
		{7855CD15-23EA-47D8-B3F6-F2534E319838}.Debug|x86.Build.0 = Debug|Win32
		{7855CD15-23EA-47D8-B3F6-F2534E319838}.Release|x64.ActiveCfg = Release|x64
		{7855CD15-23EA-47D8-B3F6-F2534E319838}.Release|x64.Build.0 = Release|x64
		{7855CD15-23EA-47D8-B3F6-F2534E319838}.Release|x86.ActiveCfg = Release|Win32
		{7855CD15-23EA-47D8-B3F6-F2534E319838}.Release|x86.Build.0 = Release|Win32
		{94AD0876-C654-4430-B39B-A8268AC7FD15}.Debug|x64.ActiveCfg = Debug|x64
		{94AD0876-C654-4430-B39B-A8268AC7FD15}.Debug|x64.Build.0 = Debug|x64
		{94AD0876-C654-4430-B39B-A8268AC7FD15}.Debug|x86.ActiveCfg = Debug|Win32
		{94AD0876-C654-4430-B39B-A8268AC7FD15}.Debug|x86.Build.0 = Debug|Win32
		{94AD0876-C654-4430-B39B-A8268AC7FD15}.Release|x64.ActiveCfg = Release|x64
		{94AD0876-C654-4430-B39B-A8268AC7FD15}.Release|x64.Build.0 = Release|x64
		{94AD0876-C654-4430-B39B-A8268AC7FD15}.Release|x86.ActiveCfg = Release|Win32
		{94AD0876-C654-4430-B39B-A8268AC7FD15}.Release|x86.Build.0 = Release|Win32
		{AFADC397-D0A4-4180-97C1-0C1548743BD4}.Debug|x64.ActiveCfg = Debug|x64
		{AFADC397-D0A4-4180-97C1-0C1548743BD4}.Debug|x64.Build.0 = Debug|x64
		{AFADC397-D0A4-4180-97C1-0C1548743BD4}.Debug|x86.ActiveCfg = Debug|Win32
		{AFADC397-D0A4-4180-97C1-0C1548743BD4}.Debug|x86.Build.0 = Debug|Win32
		{AFADC397-D0A4-4180-97C1-0C1548743BD4}.Release|x64.ActiveCfg = Release|x64
		{AFADC397-D0A4-4180-97C1-0C1548743BD4}.Release|x64.Build.0 = Release|x64
		{AFADC397-D0A4-4180-97C1-0C1548743BD4}.Release|x86.ActiveCfg = Release|Win32
		{AFADC397-D0A4-4180-97C1-0C1548743BD4}.Release|x86.Build.0 = Release|Win32
		{2D6C8E6D-2800-444C-99FE-3F68B2392279}.Debug|x64.ActiveCfg = Debug|x64
		{2D6C8E6D-2800-444C-99FE-3F68B2392279}.Debug|x64.Build.0 = Debug|x64
		{2D6C8E6D-2800-444C-99FE-3F68B2392279}.Debug|x86.ActiveCfg = Debug|Win32
		{2D6C8E6D-2800-444C-99FE-3F68B2392279}.Debug|x86.Build.0 = Debug|Win32
		{2D6C8E6D-2800-444C-99FE-3F68B2392279}.Release|x64.ActiveCfg = Release|x64
		{2D6C8E6D-2800-444C-99FE-3F68B2392279}.Release|x64.Build.0 = Release|x64
		{2D6C8E6D-2800-444C-99FE-3F68B2392279}.Release|x86.ActiveCfg = Release|Win32
		{2D6C8E6D-2800-444C-99FE-3F68B2392279}.Release|x86.Build.0 = Release|Win32
	EndGlobalSection
	GlobalSection(SolutionProperties) = preSolution
		HideSolutionNode = FALSE
	EndGlobalSection
	GlobalSection(ExtensibilityGlobals) = postSolution
		SolutionGuid = {8EFF4B62-842C-4F59-B9F6-D241B942413C}
	EndGlobalSection
EndGlobal
