
Microsoft Visual Studio Solution File, Format Version 12.00
# Visual Studio Version 17
VisualStudioVersion = 17.14.36518.9 d17.14
MinimumVisualStudioVersion = 10.0.40219.1
Project("{8BC9CEB8-8B4A-11D0-8D11-00A0C91BC942}") = "147", "147\147.vcxproj", "{ECFF6680-37C6-4B18-BB90-F8769810235B}"
EndProject
Project("{8BC9CEB8-8B4A-11D0-8D11-00A0C91BC942}") = "272", "272\272.vcxproj", "{4BF4B324-3EFF-4AD6-AE53-6AF48F64E6F7}"
EndProject
Project("{8BC9CEB8-8B4A-11D0-8D11-00A0C91BC942}") = "14", "14\14.vcxproj", "{323EC349-0C9D-49C2-A87E-7FA2B9DE3FC4}"
EndProject
Project("{8BC9CEB8-8B4A-11D0-8D11-00A0C91BC942}") = "1141", "1141\1141.vcxproj", "{527CCA48-F278-4754-9469-2787945BD467}"
EndProject
Project("{8BC9CEB8-8B4A-11D0-8D11-00A0C91BC942}") = "1138", "1138\1138.vcxproj", "{F25ADA1D-0CFD-4ADF-A1F1-BFE1AE9D2846}"
EndProject
Project("{8BC9CEB8-8B4A-11D0-8D11-00A0C91BC942}") = "264", "264\264.vcxproj", "{822D9699-34FE-4F3F-BAD2-2DA5E685B8F6}"
EndProject
Project("{8BC9CEB8-8B4A-11D0-8D11-00A0C91BC942}") = "10", "10\10.vcxproj", "{CAE4530D-2E6F-43EE-878A-22A0331AEB73}"
EndProject
Global
	GlobalSection(SolutionConfigurationPlatforms) = preSolution
		Debug|x64 = Debug|x64
		Debug|x86 = Debug|x86
		Release|x64 = Release|x64
		Release|x86 = Release|x86
	EndGlobalSection
	GlobalSection(ProjectConfigurationPlatforms) = postSolution
		{ECFF6680-37C6-4B18-BB90-F8769810235B}.Debug|x64.ActiveCfg = Debug|x64
		{ECFF6680-37C6-4B18-BB90-F8769810235B}.Debug|x64.Build.0 = Debug|x64
		{ECFF6680-37C6-4B18-BB90-F8769810235B}.Debug|x86.ActiveCfg = Debug|Win32
		{ECFF6680-37C6-4B18-BB90-F8769810235B}.Debug|x86.Build.0 = Debug|Win32
		{ECFF6680-37C6-4B18-BB90-F8769810235B}.Release|x64.ActiveCfg = Release|x64
		{ECFF6680-37C6-4B18-BB90-F8769810235B}.Release|x64.Build.0 = Release|x64
		{ECFF6680-37C6-4B18-BB90-F8769810235B}.Release|x86.ActiveCfg = Release|Win32
		{ECFF6680-37C6-4B18-BB90-F8769810235B}.Release|x86.Build.0 = Release|Win32
		{4BF4B324-3EFF-4AD6-AE53-6AF48F64E6F7}.Debug|x64.ActiveCfg = Debug|x64
		{4BF4B324-3EFF-4AD6-AE53-6AF48F64E6F7}.Debug|x64.Build.0 = Debug|x64
		{4BF4B324-3EFF-4AD6-AE53-6AF48F64E6F7}.Debug|x86.ActiveCfg = Debug|Win32
		{4BF4B324-3EFF-4AD6-AE53-6AF48F64E6F7}.Debug|x86.Build.0 = Debug|Win32
		{4BF4B324-3EFF-4AD6-AE53-6AF48F64E6F7}.Release|x64.ActiveCfg = Release|x64
		{4BF4B324-3EFF-4AD6-AE53-6AF48F64E6F7}.Release|x64.Build.0 = Release|x64
		{4BF4B324-3EFF-4AD6-AE53-6AF48F64E6F7}.Release|x86.ActiveCfg = Release|Win32
		{4BF4B324-3EFF-4AD6-AE53-6AF48F64E6F7}.Release|x86.Build.0 = Release|Win32
		{323EC349-0C9D-49C2-A87E-7FA2B9DE3FC4}.Debug|x64.ActiveCfg = Debug|x64
		{323EC349-0C9D-49C2-A87E-7FA2B9DE3FC4}.Debug|x64.Build.0 = Debug|x64
		{323EC349-0C9D-49C2-A87E-7FA2B9DE3FC4}.Debug|x86.ActiveCfg = Debug|Win32
		{323EC349-0C9D-49C2-A87E-7FA2B9DE3FC4}.Debug|x86.Build.0 = Debug|Win32
		{323EC349-0C9D-49C2-A87E-7FA2B9DE3FC4}.Release|x64.ActiveCfg = Release|x64
		{323EC349-0C9D-49C2-A87E-7FA2B9DE3FC4}.Release|x64.Build.0 = Release|x64
		{323EC349-0C9D-49C2-A87E-7FA2B9DE3FC4}.Release|x86.ActiveCfg = Release|Win32
		{323EC349-0C9D-49C2-A87E-7FA2B9DE3FC4}.Release|x86.Build.0 = Release|Win32
		{527CCA48-F278-4754-9469-2787945BD467}.Debug|x64.ActiveCfg = Debug|x64
		{527CCA48-F278-4754-9469-2787945BD467}.Debug|x64.Build.0 = Debug|x64
		{527CCA48-F278-4754-9469-2787945BD467}.Debug|x86.ActiveCfg = Debug|Win32
		{527CCA48-F278-4754-9469-2787945BD467}.Debug|x86.Build.0 = Debug|Win32
		{527CCA48-F278-4754-9469-2787945BD467}.Release|x64.ActiveCfg = Release|x64
		{527CCA48-F278-4754-9469-2787945BD467}.Release|x64.Build.0 = Release|x64
		{527CCA48-F278-4754-9469-2787945BD467}.Release|x86.ActiveCfg = Release|Win32
		{527CCA48-F278-4754-9469-2787945BD467}.Release|x86.Build.0 = Release|Win32
		{F25ADA1D-0CFD-4ADF-A1F1-BFE1AE9D2846}.Debug|x64.ActiveCfg = Debug|x64
		{F25ADA1D-0CFD-4ADF-A1F1-BFE1AE9D2846}.Debug|x64.Build.0 = Debug|x64
		{F25ADA1D-0CFD-4ADF-A1F1-BFE1AE9D2846}.Debug|x86.ActiveCfg = Debug|Win32
		{F25ADA1D-0CFD-4ADF-A1F1-BFE1AE9D2846}.Debug|x86.Build.0 = Debug|Win32
		{F25ADA1D-0CFD-4ADF-A1F1-BFE1AE9D2846}.Release|x64.ActiveCfg = Release|x64
		{F25ADA1D-0CFD-4ADF-A1F1-BFE1AE9D2846}.Release|x64.Build.0 = Release|x64
		{F25ADA1D-0CFD-4ADF-A1F1-BFE1AE9D2846}.Release|x86.ActiveCfg = Release|Win32
		{F25ADA1D-0CFD-4ADF-A1F1-BFE1AE9D2846}.Release|x86.Build.0 = Release|Win32
		{822D9699-34FE-4F3F-BAD2-2DA5E685B8F6}.Debug|x64.ActiveCfg = Debug|x64
		{822D9699-34FE-4F3F-BAD2-2DA5E685B8F6}.Debug|x64.Build.0 = Debug|x64
		{822D9699-34FE-4F3F-BAD2-2DA5E685B8F6}.Debug|x86.ActiveCfg = Debug|Win32
		{822D9699-34FE-4F3F-BAD2-2DA5E685B8F6}.Debug|x86.Build.0 = Debug|Win32
		{822D9699-34FE-4F3F-BAD2-2DA5E685B8F6}.Release|x64.ActiveCfg = Release|x64
		{822D9699-34FE-4F3F-BAD2-2DA5E685B8F6}.Release|x64.Build.0 = Release|x64
		{822D9699-34FE-4F3F-BAD2-2DA5E685B8F6}.Release|x86.ActiveCfg = Release|Win32
		{822D9699-34FE-4F3F-BAD2-2DA5E685B8F6}.Release|x86.Build.0 = Release|Win32
		{CAE4530D-2E6F-43EE-878A-22A0331AEB73}.Debug|x64.ActiveCfg = Debug|x64
		{CAE4530D-2E6F-43EE-878A-22A0331AEB73}.Debug|x64.Build.0 = Debug|x64
		{CAE4530D-2E6F-43EE-878A-22A0331AEB73}.Debug|x86.ActiveCfg = Debug|Win32
		{CAE4530D-2E6F-43EE-878A-22A0331AEB73}.Debug|x86.Build.0 = Debug|Win32
		{CAE4530D-2E6F-43EE-878A-22A0331AEB73}.Release|x64.ActiveCfg = Release|x64
		{CAE4530D-2E6F-43EE-878A-22A0331AEB73}.Release|x64.Build.0 = Release|x64
		{CAE4530D-2E6F-43EE-878A-22A0331AEB73}.Release|x86.ActiveCfg = Release|Win32
		{CAE4530D-2E6F-43EE-878A-22A0331AEB73}.Release|x86.Build.0 = Release|Win32
	EndGlobalSection
	GlobalSection(SolutionProperties) = preSolution
		HideSolutionNode = FALSE
	EndGlobalSection
	GlobalSection(ExtensibilityGlobals) = postSolution
		SolutionGuid = {82AB477C-A24C-4496-99C9-01D4A9AC791B}
	EndGlobalSection
EndGlobal
