
Microsoft Visual Studio Solution File, Format Version 12.00
# Visual Studio Version 17
VisualStudioVersion = 17.14.36518.9
MinimumVisualStudioVersion = 10.0.40219.1
Project("{8BC9CEB8-8B4A-11D0-8D11-00A0C91BC942}") = "102", "102\102.vcxproj", "{8A3B964B-9D2B-498A-BEB4-7E99AC83953E}"
EndProject
Project("{8BC9CEB8-8B4A-11D0-8D11-00A0C91BC942}") = "103", "103\103.vcxproj", "{52A51B1A-14D9-437A-B44A-186A15902600}"
EndProject
Project("{8BC9CEB8-8B4A-11D0-8D11-00A0C91BC942}") = "104", "104\104.vcxproj", "{AFEEC414-E50C-403B-AF24-94DE10B44DA6}"
EndProject
Project("{8BC9CEB8-8B4A-11D0-8D11-00A0C91BC942}") = "105", "105\105.vcxproj", "{6009AB21-FF37-4E76-B869-71175A31E07F}"
EndProject
Project("{8BC9CEB8-8B4A-11D0-8D11-00A0C91BC942}") = "106", "106\106.vcxproj", "{78D036A7-F64B-4B3E-8E5D-3E377E14C028}"
EndProject
Project("{8BC9CEB8-8B4A-11D0-8D11-00A0C91BC942}") = "107", "107\107.vcxproj", "{0BABE3F8-554F-4846-B45A-EA8127573DB2}"
EndProject
Project("{8BC9CEB8-8B4A-11D0-8D11-00A0C91BC942}") = "108", "108\108.vcxproj", "{93220D3D-2196-4E65-B01C-7E55BE19450A}"
EndProject
Project("{8BC9CEB8-8B4A-11D0-8D11-00A0C91BC942}") = "109", "109\109.vcxproj", "{6A570A96-1F59-4B96-9971-057A1F81B901}"
EndProject
Global
	GlobalSection(SolutionConfigurationPlatforms) = preSolution
		Debug|x64 = Debug|x64
		Debug|x86 = Debug|x86
		Release|x64 = Release|x64
		Release|x86 = Release|x86
	EndGlobalSection
	GlobalSection(ProjectConfigurationPlatforms) = postSolution
		{8A3B964B-9D2B-498A-BEB4-7E99AC83953E}.Debug|x64.ActiveCfg = Debug|x64
		{8A3B964B-9D2B-498A-BEB4-7E99AC83953E}.Debug|x64.Build.0 = Debug|x64
		{8A3B964B-9D2B-498A-BEB4-7E99AC83953E}.Debug|x86.ActiveCfg = Debug|Win32
		{8A3B964B-9D2B-498A-BEB4-7E99AC83953E}.Debug|x86.Build.0 = Debug|Win32
		{8A3B964B-9D2B-498A-BEB4-7E99AC83953E}.Release|x64.ActiveCfg = Release|x64
		{8A3B964B-9D2B-498A-BEB4-7E99AC83953E}.Release|x64.Build.0 = Release|x64
		{8A3B964B-9D2B-498A-BEB4-7E99AC83953E}.Release|x86.ActiveCfg = Release|Win32
		{8A3B964B-9D2B-498A-BEB4-7E99AC83953E}.Release|x86.Build.0 = Release|Win32
		{52A51B1A-14D9-437A-B44A-186A15902600}.Debug|x64.ActiveCfg = Debug|x64
		{52A51B1A-14D9-437A-B44A-186A15902600}.Debug|x64.Build.0 = Debug|x64
		{52A51B1A-14D9-437A-B44A-186A15902600}.Debug|x86.ActiveCfg = Debug|Win32
		{52A51B1A-14D9-437A-B44A-186A15902600}.Debug|x86.Build.0 = Debug|Win32
		{52A51B1A-14D9-437A-B44A-186A15902600}.Release|x64.ActiveCfg = Release|x64
		{52A51B1A-14D9-437A-B44A-186A15902600}.Release|x64.Build.0 = Release|x64
		{52A51B1A-14D9-437A-B44A-186A15902600}.Release|x86.ActiveCfg = Release|Win32
		{52A51B1A-14D9-437A-B44A-186A15902600}.Release|x86.Build.0 = Release|Win32
		{AFEEC414-E50C-403B-AF24-94DE10B44DA6}.Debug|x64.ActiveCfg = Debug|x64
		{AFEEC414-E50C-403B-AF24-94DE10B44DA6}.Debug|x64.Build.0 = Debug|x64
		{AFEEC414-E50C-403B-AF24-94DE10B44DA6}.Debug|x86.ActiveCfg = Debug|Win32
		{AFEEC414-E50C-403B-AF24-94DE10B44DA6}.Debug|x86.Build.0 = Debug|Win32
		{AFEEC414-E50C-403B-AF24-94DE10B44DA6}.Release|x64.ActiveCfg = Release|x64
		{AFEEC414-E50C-403B-AF24-94DE10B44DA6}.Release|x64.Build.0 = Release|x64
		{AFEEC414-E50C-403B-AF24-94DE10B44DA6}.Release|x86.ActiveCfg = Release|Win32
		{AFEEC414-E50C-403B-AF24-94DE10B44DA6}.Release|x86.Build.0 = Release|Win32
		{6009AB21-FF37-4E76-B869-71175A31E07F}.Debug|x64.ActiveCfg = Debug|x64
		{6009AB21-FF37-4E76-B869-71175A31E07F}.Debug|x64.Build.0 = Debug|x64
		{6009AB21-FF37-4E76-B869-71175A31E07F}.Debug|x86.ActiveCfg = Debug|Win32
		{6009AB21-FF37-4E76-B869-71175A31E07F}.Debug|x86.Build.0 = Debug|Win32
		{6009AB21-FF37-4E76-B869-71175A31E07F}.Release|x64.ActiveCfg = Release|x64
		{6009AB21-FF37-4E76-B869-71175A31E07F}.Release|x64.Build.0 = Release|x64
		{6009AB21-FF37-4E76-B869-71175A31E07F}.Release|x86.ActiveCfg = Release|Win32
		{6009AB21-FF37-4E76-B869-71175A31E07F}.Release|x86.Build.0 = Release|Win32
		{78D036A7-F64B-4B3E-8E5D-3E377E14C028}.Debug|x64.ActiveCfg = Debug|x64
		{78D036A7-F64B-4B3E-8E5D-3E377E14C028}.Debug|x64.Build.0 = Debug|x64
		{78D036A7-F64B-4B3E-8E5D-3E377E14C028}.Debug|x86.ActiveCfg = Debug|Win32
		{78D036A7-F64B-4B3E-8E5D-3E377E14C028}.Debug|x86.Build.0 = Debug|Win32
		{78D036A7-F64B-4B3E-8E5D-3E377E14C028}.Release|x64.ActiveCfg = Release|x64
		{78D036A7-F64B-4B3E-8E5D-3E377E14C028}.Release|x64.Build.0 = Release|x64
		{78D036A7-F64B-4B3E-8E5D-3E377E14C028}.Release|x86.ActiveCfg = Release|Win32
		{78D036A7-F64B-4B3E-8E5D-3E377E14C028}.Release|x86.Build.0 = Release|Win32
		{0BABE3F8-554F-4846-B45A-EA8127573DB2}.Debug|x64.ActiveCfg = Debug|x64
		{0BABE3F8-554F-4846-B45A-EA8127573DB2}.Debug|x64.Build.0 = Debug|x64
		{0BABE3F8-554F-4846-B45A-EA8127573DB2}.Debug|x86.ActiveCfg = Debug|Win32
		{0BABE3F8-554F-4846-B45A-EA8127573DB2}.Debug|x86.Build.0 = Debug|Win32
		{0BABE3F8-554F-4846-B45A-EA8127573DB2}.Release|x64.ActiveCfg = Release|x64
		{0BABE3F8-554F-4846-B45A-EA8127573DB2}.Release|x64.Build.0 = Release|x64
		{0BABE3F8-554F-4846-B45A-EA8127573DB2}.Release|x86.ActiveCfg = Release|Win32
		{0BABE3F8-554F-4846-B45A-EA8127573DB2}.Release|x86.Build.0 = Release|Win32
		{93220D3D-2196-4E65-B01C-7E55BE19450A}.Debug|x64.ActiveCfg = Debug|x64
		{93220D3D-2196-4E65-B01C-7E55BE19450A}.Debug|x64.Build.0 = Debug|x64
		{93220D3D-2196-4E65-B01C-7E55BE19450A}.Debug|x86.ActiveCfg = Debug|Win32
		{93220D3D-2196-4E65-B01C-7E55BE19450A}.Debug|x86.Build.0 = Debug|Win32
		{93220D3D-2196-4E65-B01C-7E55BE19450A}.Release|x64.ActiveCfg = Release|x64
		{93220D3D-2196-4E65-B01C-7E55BE19450A}.Release|x64.Build.0 = Release|x64
		{93220D3D-2196-4E65-B01C-7E55BE19450A}.Release|x86.ActiveCfg = Release|Win32
		{93220D3D-2196-4E65-B01C-7E55BE19450A}.Release|x86.Build.0 = Release|Win32
		{6A570A96-1F59-4B96-9971-057A1F81B901}.Debug|x64.ActiveCfg = Debug|x64
		{6A570A96-1F59-4B96-9971-057A1F81B901}.Debug|x64.Build.0 = Debug|x64
		{6A570A96-1F59-4B96-9971-057A1F81B901}.Debug|x86.ActiveCfg = Debug|Win32
		{6A570A96-1F59-4B96-9971-057A1F81B901}.Debug|x86.Build.0 = Debug|Win32
		{6A570A96-1F59-4B96-9971-057A1F81B901}.Release|x64.ActiveCfg = Release|x64
		{6A570A96-1F59-4B96-9971-057A1F81B901}.Release|x64.Build.0 = Release|x64
		{6A570A96-1F59-4B96-9971-057A1F81B901}.Release|x86.ActiveCfg = Release|Win32
		{6A570A96-1F59-4B96-9971-057A1F81B901}.Release|x86.Build.0 = Release|Win32
	EndGlobalSection
	GlobalSection(SolutionProperties) = preSolution
		HideSolutionNode = FALSE
	EndGlobalSection
	GlobalSection(ExtensibilityGlobals) = postSolution
		SolutionGuid = {01E4EAE3-C4D4-42C1-92C0-DCE389AF17A7}
	EndGlobalSection
EndGlobal
